// !$*UTF8*$!
{
	archiveVersion = 1;
	classes = {
	};
	objectVersion = 56;
	objects = {

/* Begin PBXBuildFile section */
		059068096F693A9FBCAE40C4 /* Pods_modoosSubway.framework in Frameworks */ = {isa = PBXBuildFile; fileRef = 51F25182ABE227FC4381A366 /* Pods_modoosSubway.framework */; };
		3BF3CADD2C81FEC40058345F /* SelectedStationView.swift in Sources */ = {isa = PBXBuildFile; fileRef = 3BF3CADC2C81FEC40058345F /* SelectedStationView.swift */; };
		461D2BA42CF04E7A009BAF92 /* MoreMenuListView.swift in Sources */ = {isa = PBXBuildFile; fileRef = 461D2BA32CF04E7A009BAF92 /* MoreMenuListView.swift */; };
		46283F1A2D1285B400FB0AB1 /* SubwayCardStore.swift in Sources */ = {isa = PBXBuildFile; fileRef = 46283F192D1285B400FB0AB1 /* SubwayCardStore.swift */; };
		46519A902CF974E5006B2880 /* ToastTest.swift in Sources */ = {isa = PBXBuildFile; fileRef = 46519A8F2CF974E5006B2880 /* ToastTest.swift */; };
		46519A922CFEC256006B2880 /* LocalNotification.swift in Sources */ = {isa = PBXBuildFile; fileRef = 46519A912CFEC256006B2880 /* LocalNotification.swift */; };
		46519ACF2D0681E4006B2880 /* HomeViewModel.swift in Sources */ = {isa = PBXBuildFile; fileRef = 46519ACE2D0681E4006B2880 /* HomeViewModel.swift */; };
		46519AD32D06CD24006B2880 /* CoachMarkTest.swift in Sources */ = {isa = PBXBuildFile; fileRef = 46519AD22D06CD24006B2880 /* CoachMarkTest.swift */; };
		4659A1DE2CE079DA00889FFC /* FolderCardView.swift in Sources */ = {isa = PBXBuildFile; fileRef = 4659A1DD2CE079DA00889FFC /* FolderCardView.swift */; };
		4659A1E02CE0959D00889FFC /* FolderListView.swift in Sources */ = {isa = PBXBuildFile; fileRef = 4659A1DF2CE0959D00889FFC /* FolderListView.swift */; };
		4659A1E22CE0D11E00889FFC /* FolderHeaderView.swift in Sources */ = {isa = PBXBuildFile; fileRef = 4659A1E12CE0D11E00889FFC /* FolderHeaderView.swift */; };
		46630D5B2CE73A3E00A8DEF9 /* AlarmSettingView.swift in Sources */ = {isa = PBXBuildFile; fileRef = 46630D5A2CE73A3E00A8DEF9 /* AlarmSettingView.swift */; };
		46DC0BA82D0A8C16002F5AE0 /* DIContainer.swift in Sources */ = {isa = PBXBuildFile; fileRef = 46DC0BA72D0A8C16002F5AE0 /* DIContainer.swift */; };
		46E23B2D2C6872190059BB62 /* NetworkError.swift in Sources */ = {isa = PBXBuildFile; fileRef = 46E23B2C2C6872190059BB62 /* NetworkError.swift */; };
		46E8D9D12CE17D6500ABF38C /* EditFolderView.swift in Sources */ = {isa = PBXBuildFile; fileRef = 46E8D9D02CE17D6500ABF38C /* EditFolderView.swift */; };
		46E8D9D32CE2CBDC00ABF38C /* ModifyFolderView.swift in Sources */ = {isa = PBXBuildFile; fileRef = 46E8D9D22CE2CBDC00ABF38C /* ModifyFolderView.swift */; };
		46E8D9D52CE2DF0100ABF38C /* SelectedPhotoView.swift in Sources */ = {isa = PBXBuildFile; fileRef = 46E8D9D42CE2DF0100ABF38C /* SelectedPhotoView.swift */; };
		9A36982E2C4BC0480019C12A /* modoosSubwayApp.swift in Sources */ = {isa = PBXBuildFile; fileRef = 9A36982D2C4BC0480019C12A /* modoosSubwayApp.swift */; };
		9A3698302C4BC0480019C12A /* HomeView.swift in Sources */ = {isa = PBXBuildFile; fileRef = 9A36982F2C4BC0480019C12A /* HomeView.swift */; };
		9A3698322C4BC0480019C12A /* Item.swift in Sources */ = {isa = PBXBuildFile; fileRef = 9A3698312C4BC0480019C12A /* Item.swift */; };
		9A3698342C4BC04A0019C12A /* Assets.xcassets in Resources */ = {isa = PBXBuildFile; fileRef = 9A3698332C4BC04A0019C12A /* Assets.xcassets */; };
		9A3698372C4BC04A0019C12A /* Preview Assets.xcassets in Resources */ = {isa = PBXBuildFile; fileRef = 9A3698362C4BC04A0019C12A /* Preview Assets.xcassets */; };
		9A3698452C4CA6490019C12A /* SearchView.swift in Sources */ = {isa = PBXBuildFile; fileRef = 9A3698442C4CA6490019C12A /* SearchView.swift */; };
		9A3698472C4CA6520019C12A /* FolderView.swift in Sources */ = {isa = PBXBuildFile; fileRef = 9A3698462C4CA6520019C12A /* FolderView.swift */; };
		9A3698492C4CA6590019C12A /* StarView.swift in Sources */ = {isa = PBXBuildFile; fileRef = 9A3698482C4CA6590019C12A /* StarView.swift */; };
		9A36984D2C4CA6740019C12A /* SettingView.swift in Sources */ = {isa = PBXBuildFile; fileRef = 9A36984C2C4CA6740019C12A /* SettingView.swift */; };
		9A3698522C4CA72D0019C12A /* DataManager.swift in Sources */ = {isa = PBXBuildFile; fileRef = 9A3698512C4CA72D0019C12A /* DataManager.swift */; };
		9A36985D2C4D01E90019C12A /* Util.swift in Sources */ = {isa = PBXBuildFile; fileRef = 9A36985C2C4D01E90019C12A /* Util.swift */; };
		9AB4E7742D0F283C00ACBB8A /* CardListView.swift in Sources */ = {isa = PBXBuildFile; fileRef = 9AB4E7732D0F283C00ACBB8A /* CardListView.swift */; };
		9AB4E7792D0FC2B300ACBB8A /* StarHeaderView.swift in Sources */ = {isa = PBXBuildFile; fileRef = 9AB4E7782D0FC2B300ACBB8A /* StarHeaderView.swift */; };
		9AB4E77B2D0FC3DC00ACBB8A /* FolderDetailView.swift in Sources */ = {isa = PBXBuildFile; fileRef = 9AB4E77A2D0FC3DC00ACBB8A /* FolderDetailView.swift */; };
		9AB4E77D2D12C97200ACBB8A /* ClearButton.swift in Sources */ = {isa = PBXBuildFile; fileRef = 9AB4E77C2D12C97200ACBB8A /* ClearButton.swift */; };
		9AB4E77F2D15B95500ACBB8A /* ArrayExtension.swift in Sources */ = {isa = PBXBuildFile; fileRef = 9AB4E77E2D15B95500ACBB8A /* ArrayExtension.swift */; };
		9AC56CCD2CDF6D160067AF3B /* Pretendard-Bold.otf in Resources */ = {isa = PBXBuildFile; fileRef = 9AEA1E732C56500900A87BF9 /* Pretendard-Bold.otf */; };
		9AC56CCE2CDF6D1A0067AF3B /* Pretendard-SemiBold.otf in Resources */ = {isa = PBXBuildFile; fileRef = 9AEA1E752C56501900A87BF9 /* Pretendard-SemiBold.otf */; };
		9AC56CCF2CDF6D1E0067AF3B /* Pretendard-Medium.otf in Resources */ = {isa = PBXBuildFile; fileRef = 9AEA1E742C56501300A87BF9 /* Pretendard-Medium.otf */; };
		9AC56CD02CDF6D220067AF3B /* Pretendard-Regular.otf in Resources */ = {isa = PBXBuildFile; fileRef = 9AEA1E762C56501F00A87BF9 /* Pretendard-Regular.otf */; };
		9AC56CD22CDF7AAB0067AF3B /* SelectedStationViewModel.swift in Sources */ = {isa = PBXBuildFile; fileRef = 9AC56CD12CDF7AAB0067AF3B /* SelectedStationViewModel.swift */; };
		9AC56CEA2CE90CBB0067AF3B /* CardViewEntity.swift in Sources */ = {isa = PBXBuildFile; fileRef = 9AC56CE92CE90CBB0067AF3B /* CardViewEntity.swift */; };
		9AC56CEC2CE9970B0067AF3B /* CardView.swift in Sources */ = {isa = PBXBuildFile; fileRef = 9AC56CEB2CE9970B0067AF3B /* CardView.swift */; };
		9AC56CEE2CE9BE090067AF3B /* AddFolderView.swift in Sources */ = {isa = PBXBuildFile; fileRef = 9AC56CED2CE9BE090067AF3B /* AddFolderView.swift */; };
		9AC56CF02CEA16F40067AF3B /* CollectionExtension.swift in Sources */ = {isa = PBXBuildFile; fileRef = 9AC56CEF2CEA16F40067AF3B /* CollectionExtension.swift */; };
		9AC56CFB2D06D9D40067AF3B /* ImageCropper.swift in Sources */ = {isa = PBXBuildFile; fileRef = 9AC56CFA2D06D9D40067AF3B /* ImageCropper.swift */; };
		9AC56CFF2D0EEC700067AF3B /* OnBoardingView.swift in Sources */ = {isa = PBXBuildFile; fileRef = 9AC56CFE2D0EEC700067AF3B /* OnBoardingView.swift */; };
		9AEA1E712C56024D00A87BF9 /* Launch Screen.storyboard in Resources */ = {isa = PBXBuildFile; fileRef = 9AEA1E702C56024D00A87BF9 /* Launch Screen.storyboard */; };
		9AEA1E7A2C5651EA00A87BF9 /* UIExtension.swift in Sources */ = {isa = PBXBuildFile; fileRef = 9AEA1E792C5651EA00A87BF9 /* UIExtension.swift */; };
		9AEA1E7C2C5DD41E00A87BF9 /* Secrets.plist in Resources */ = {isa = PBXBuildFile; fileRef = 9AEA1E7B2C5DD41E00A87BF9 /* Secrets.plist */; };
		9AEA1E822C5DD4BC00A87BF9 /* StarViewModel.swift in Sources */ = {isa = PBXBuildFile; fileRef = 9AEA1E812C5DD4BC00A87BF9 /* StarViewModel.swift */; };
		9AEA1E862C5DD57100A87BF9 /* SubwayEntity.swift in Sources */ = {isa = PBXBuildFile; fileRef = 9AEA1E852C5DD57100A87BF9 /* SubwayEntity.swift */; };
		9AEA1E8C2C5DD62800A87BF9 /* EnumType.swift in Sources */ = {isa = PBXBuildFile; fileRef = 9AEA1E8B2C5DD62800A87BF9 /* EnumType.swift */; };
		9AEA1E8E2C5DD6A000A87BF9 /* SubwayUseCase.swift in Sources */ = {isa = PBXBuildFile; fileRef = 9AEA1E8D2C5DD6A000A87BF9 /* SubwayUseCase.swift */; };
		9AEA1E902C5DD6AE00A87BF9 /* SubwayRepository.swift in Sources */ = {isa = PBXBuildFile; fileRef = 9AEA1E8F2C5DD6AE00A87BF9 /* SubwayRepository.swift */; };
		9AEA1E932C5DD71A00A87BF9 /* Router.swift in Sources */ = {isa = PBXBuildFile; fileRef = 9AEA1E922C5DD71A00A87BF9 /* Router.swift */; };
		9AEA1E952C5DD72500A87BF9 /* SubwayAPI.swift in Sources */ = {isa = PBXBuildFile; fileRef = 9AEA1E942C5DD72500A87BF9 /* SubwayAPI.swift */; };
		9AEA1E982C5DD74A00A87BF9 /* RequestDTO.swift in Sources */ = {isa = PBXBuildFile; fileRef = 9AEA1E972C5DD74A00A87BF9 /* RequestDTO.swift */; };
		9AEA1E9A2C68AD6200A87BF9 /* ResponseDTO.swift in Sources */ = {isa = PBXBuildFile; fileRef = 9AEA1E992C68AD6200A87BF9 /* ResponseDTO.swift */; };
		9AF883862D0F0EC400DD6832 /* TimeSelectedView.swift in Sources */ = {isa = PBXBuildFile; fileRef = 9AF883852D0F0EC400DD6832 /* TimeSelectedView.swift */; };
		9AF883882D0F0EE300DD6832 /* SettingCell.swift in Sources */ = {isa = PBXBuildFile; fileRef = 9AF883872D0F0EE300DD6832 /* SettingCell.swift */; };
		9AF8838A2D0F0EFF00DD6832 /* ListHeaderView.swift in Sources */ = {isa = PBXBuildFile; fileRef = 9AF883892D0F0EFF00DD6832 /* ListHeaderView.swift */; };
/* End PBXBuildFile section */

/* Begin PBXFileReference section */
		3BF3CADC2C81FEC40058345F /* SelectedStationView.swift */ = {isa = PBXFileReference; lastKnownFileType = sourcecode.swift; path = SelectedStationView.swift; sourceTree = "<group>"; };
		461D2BA32CF04E7A009BAF92 /* MoreMenuListView.swift */ = {isa = PBXFileReference; lastKnownFileType = sourcecode.swift; path = MoreMenuListView.swift; sourceTree = "<group>"; };
		46283F192D1285B400FB0AB1 /* SubwayCardStore.swift */ = {isa = PBXFileReference; fileEncoding = 4; lastKnownFileType = sourcecode.swift; path = SubwayCardStore.swift; sourceTree = "<group>"; };
		46519A8F2CF974E5006B2880 /* ToastTest.swift */ = {isa = PBXFileReference; lastKnownFileType = sourcecode.swift; path = ToastTest.swift; sourceTree = "<group>"; };
		46519A912CFEC256006B2880 /* LocalNotification.swift */ = {isa = PBXFileReference; lastKnownFileType = sourcecode.swift; path = LocalNotification.swift; sourceTree = "<group>"; };
		46519ACE2D0681E4006B2880 /* HomeViewModel.swift */ = {isa = PBXFileReference; lastKnownFileType = sourcecode.swift; path = HomeViewModel.swift; sourceTree = "<group>"; };
		46519AD22D06CD24006B2880 /* CoachMarkTest.swift */ = {isa = PBXFileReference; lastKnownFileType = sourcecode.swift; path = CoachMarkTest.swift; sourceTree = "<group>"; };
		4659A1DD2CE079DA00889FFC /* FolderCardView.swift */ = {isa = PBXFileReference; lastKnownFileType = sourcecode.swift; path = FolderCardView.swift; sourceTree = "<group>"; };
		4659A1DF2CE0959D00889FFC /* FolderListView.swift */ = {isa = PBXFileReference; lastKnownFileType = sourcecode.swift; path = FolderListView.swift; sourceTree = "<group>"; };
		4659A1E12CE0D11E00889FFC /* FolderHeaderView.swift */ = {isa = PBXFileReference; lastKnownFileType = sourcecode.swift; path = FolderHeaderView.swift; sourceTree = "<group>"; };
		46630D5A2CE73A3E00A8DEF9 /* AlarmSettingView.swift */ = {isa = PBXFileReference; lastKnownFileType = sourcecode.swift; path = AlarmSettingView.swift; sourceTree = "<group>"; };
		46DC0BA72D0A8C16002F5AE0 /* DIContainer.swift */ = {isa = PBXFileReference; fileEncoding = 4; lastKnownFileType = sourcecode.swift; path = DIContainer.swift; sourceTree = "<group>"; };
		46E23B2C2C6872190059BB62 /* NetworkError.swift */ = {isa = PBXFileReference; lastKnownFileType = sourcecode.swift; path = NetworkError.swift; sourceTree = "<group>"; };
		46E8D9D02CE17D6500ABF38C /* EditFolderView.swift */ = {isa = PBXFileReference; lastKnownFileType = sourcecode.swift; path = EditFolderView.swift; sourceTree = "<group>"; };
		46E8D9D22CE2CBDC00ABF38C /* ModifyFolderView.swift */ = {isa = PBXFileReference; lastKnownFileType = sourcecode.swift; path = ModifyFolderView.swift; sourceTree = "<group>"; };
		46E8D9D42CE2DF0100ABF38C /* SelectedPhotoView.swift */ = {isa = PBXFileReference; lastKnownFileType = sourcecode.swift; path = SelectedPhotoView.swift; sourceTree = "<group>"; };
		48F29646FFD93B7C2D9B3CB7 /* Pods-modoosSubway.debug.xcconfig */ = {isa = PBXFileReference; includeInIndex = 1; lastKnownFileType = text.xcconfig; name = "Pods-modoosSubway.debug.xcconfig"; path = "Target Support Files/Pods-modoosSubway/Pods-modoosSubway.debug.xcconfig"; sourceTree = "<group>"; };
		51F25182ABE227FC4381A366 /* Pods_modoosSubway.framework */ = {isa = PBXFileReference; explicitFileType = wrapper.framework; includeInIndex = 0; path = Pods_modoosSubway.framework; sourceTree = BUILT_PRODUCTS_DIR; };
		943788402A3EC689AD2166D4 /* Pods-modoosSubway.release.xcconfig */ = {isa = PBXFileReference; includeInIndex = 1; lastKnownFileType = text.xcconfig; name = "Pods-modoosSubway.release.xcconfig"; path = "Target Support Files/Pods-modoosSubway/Pods-modoosSubway.release.xcconfig"; sourceTree = "<group>"; };
		9A36982A2C4BC0480019C12A /* modoosSubway.app */ = {isa = PBXFileReference; explicitFileType = wrapper.application; includeInIndex = 0; path = modoosSubway.app; sourceTree = BUILT_PRODUCTS_DIR; };
		9A36982D2C4BC0480019C12A /* modoosSubwayApp.swift */ = {isa = PBXFileReference; lastKnownFileType = sourcecode.swift; path = modoosSubwayApp.swift; sourceTree = "<group>"; };
		9A36982F2C4BC0480019C12A /* HomeView.swift */ = {isa = PBXFileReference; lastKnownFileType = sourcecode.swift; path = HomeView.swift; sourceTree = "<group>"; };
		9A3698312C4BC0480019C12A /* Item.swift */ = {isa = PBXFileReference; lastKnownFileType = sourcecode.swift; path = Item.swift; sourceTree = "<group>"; };
		9A3698332C4BC04A0019C12A /* Assets.xcassets */ = {isa = PBXFileReference; lastKnownFileType = folder.assetcatalog; path = Assets.xcassets; sourceTree = "<group>"; };
		9A3698362C4BC04A0019C12A /* Preview Assets.xcassets */ = {isa = PBXFileReference; lastKnownFileType = folder.assetcatalog; path = "Preview Assets.xcassets"; sourceTree = "<group>"; };
		9A3698442C4CA6490019C12A /* SearchView.swift */ = {isa = PBXFileReference; lastKnownFileType = sourcecode.swift; path = SearchView.swift; sourceTree = "<group>"; };
		9A3698462C4CA6520019C12A /* FolderView.swift */ = {isa = PBXFileReference; lastKnownFileType = sourcecode.swift; path = FolderView.swift; sourceTree = "<group>"; };
		9A3698482C4CA6590019C12A /* StarView.swift */ = {isa = PBXFileReference; lastKnownFileType = sourcecode.swift; path = StarView.swift; sourceTree = "<group>"; };
		9A36984C2C4CA6740019C12A /* SettingView.swift */ = {isa = PBXFileReference; lastKnownFileType = sourcecode.swift; path = SettingView.swift; sourceTree = "<group>"; };
		9A3698512C4CA72D0019C12A /* DataManager.swift */ = {isa = PBXFileReference; lastKnownFileType = sourcecode.swift; path = DataManager.swift; sourceTree = "<group>"; };
		9A36985C2C4D01E90019C12A /* Util.swift */ = {isa = PBXFileReference; lastKnownFileType = sourcecode.swift; path = Util.swift; sourceTree = "<group>"; };
		9AB4E7732D0F283C00ACBB8A /* CardListView.swift */ = {isa = PBXFileReference; lastKnownFileType = sourcecode.swift; path = CardListView.swift; sourceTree = "<group>"; };
		9AB4E7752D0F3AB900ACBB8A /* PrivacyInfo.xcprivacy */ = {isa = PBXFileReference; lastKnownFileType = text.xml; path = PrivacyInfo.xcprivacy; sourceTree = "<group>"; };
		9AB4E7782D0FC2B300ACBB8A /* StarHeaderView.swift */ = {isa = PBXFileReference; lastKnownFileType = sourcecode.swift; path = StarHeaderView.swift; sourceTree = "<group>"; };
		9AB4E77A2D0FC3DC00ACBB8A /* FolderDetailView.swift */ = {isa = PBXFileReference; lastKnownFileType = sourcecode.swift; path = FolderDetailView.swift; sourceTree = "<group>"; };
		9AB4E77C2D12C97200ACBB8A /* ClearButton.swift */ = {isa = PBXFileReference; lastKnownFileType = sourcecode.swift; path = ClearButton.swift; sourceTree = "<group>"; };
		9AB4E77E2D15B95500ACBB8A /* ArrayExtension.swift */ = {isa = PBXFileReference; lastKnownFileType = sourcecode.swift; path = ArrayExtension.swift; sourceTree = "<group>"; };
		9AC56CD12CDF7AAB0067AF3B /* SelectedStationViewModel.swift */ = {isa = PBXFileReference; lastKnownFileType = sourcecode.swift; path = SelectedStationViewModel.swift; sourceTree = "<group>"; };
		9AC56CE92CE90CBB0067AF3B /* CardViewEntity.swift */ = {isa = PBXFileReference; lastKnownFileType = sourcecode.swift; path = CardViewEntity.swift; sourceTree = "<group>"; };
		9AC56CEB2CE9970B0067AF3B /* CardView.swift */ = {isa = PBXFileReference; lastKnownFileType = sourcecode.swift; path = CardView.swift; sourceTree = "<group>"; };
		9AC56CED2CE9BE090067AF3B /* AddFolderView.swift */ = {isa = PBXFileReference; lastKnownFileType = sourcecode.swift; path = AddFolderView.swift; sourceTree = "<group>"; };
		9AC56CEF2CEA16F40067AF3B /* CollectionExtension.swift */ = {isa = PBXFileReference; lastKnownFileType = sourcecode.swift; path = CollectionExtension.swift; sourceTree = "<group>"; };
		9AC56CFA2D06D9D40067AF3B /* ImageCropper.swift */ = {isa = PBXFileReference; lastKnownFileType = sourcecode.swift; path = ImageCropper.swift; sourceTree = "<group>"; };
		9AC56CFE2D0EEC700067AF3B /* OnBoardingView.swift */ = {isa = PBXFileReference; lastKnownFileType = sourcecode.swift; path = OnBoardingView.swift; sourceTree = "<group>"; };
		9AEA1E702C56024D00A87BF9 /* Launch Screen.storyboard */ = {isa = PBXFileReference; lastKnownFileType = file.storyboard; path = "Launch Screen.storyboard"; sourceTree = "<group>"; };
		9AEA1E732C56500900A87BF9 /* Pretendard-Bold.otf */ = {isa = PBXFileReference; lastKnownFileType = file; path = "Pretendard-Bold.otf"; sourceTree = "<group>"; };
		9AEA1E742C56501300A87BF9 /* Pretendard-Medium.otf */ = {isa = PBXFileReference; lastKnownFileType = file; path = "Pretendard-Medium.otf"; sourceTree = "<group>"; };
		9AEA1E752C56501900A87BF9 /* Pretendard-SemiBold.otf */ = {isa = PBXFileReference; lastKnownFileType = file; path = "Pretendard-SemiBold.otf"; sourceTree = "<group>"; };
		9AEA1E762C56501F00A87BF9 /* Pretendard-Regular.otf */ = {isa = PBXFileReference; lastKnownFileType = file; path = "Pretendard-Regular.otf"; sourceTree = "<group>"; };
		9AEA1E772C56516200A87BF9 /* Info.plist */ = {isa = PBXFileReference; lastKnownFileType = text.plist.xml; path = Info.plist; sourceTree = "<group>"; };
		9AEA1E792C5651EA00A87BF9 /* UIExtension.swift */ = {isa = PBXFileReference; lastKnownFileType = sourcecode.swift; path = UIExtension.swift; sourceTree = "<group>"; };
		9AEA1E7B2C5DD41E00A87BF9 /* Secrets.plist */ = {isa = PBXFileReference; lastKnownFileType = text.plist.xml; path = Secrets.plist; sourceTree = "<group>"; };
		9AEA1E812C5DD4BC00A87BF9 /* StarViewModel.swift */ = {isa = PBXFileReference; lastKnownFileType = sourcecode.swift; path = StarViewModel.swift; sourceTree = "<group>"; };
		9AEA1E852C5DD57100A87BF9 /* SubwayEntity.swift */ = {isa = PBXFileReference; lastKnownFileType = sourcecode.swift; path = SubwayEntity.swift; sourceTree = "<group>"; };
		9AEA1E8B2C5DD62800A87BF9 /* EnumType.swift */ = {isa = PBXFileReference; lastKnownFileType = sourcecode.swift; path = EnumType.swift; sourceTree = "<group>"; };
		9AEA1E8D2C5DD6A000A87BF9 /* SubwayUseCase.swift */ = {isa = PBXFileReference; lastKnownFileType = sourcecode.swift; path = SubwayUseCase.swift; sourceTree = "<group>"; };
		9AEA1E8F2C5DD6AE00A87BF9 /* SubwayRepository.swift */ = {isa = PBXFileReference; lastKnownFileType = sourcecode.swift; path = SubwayRepository.swift; sourceTree = "<group>"; };
		9AEA1E922C5DD71A00A87BF9 /* Router.swift */ = {isa = PBXFileReference; lastKnownFileType = sourcecode.swift; path = Router.swift; sourceTree = "<group>"; };
		9AEA1E942C5DD72500A87BF9 /* SubwayAPI.swift */ = {isa = PBXFileReference; lastKnownFileType = sourcecode.swift; path = SubwayAPI.swift; sourceTree = "<group>"; };
		9AEA1E972C5DD74A00A87BF9 /* RequestDTO.swift */ = {isa = PBXFileReference; lastKnownFileType = sourcecode.swift; path = RequestDTO.swift; sourceTree = "<group>"; };
		9AEA1E992C68AD6200A87BF9 /* ResponseDTO.swift */ = {isa = PBXFileReference; lastKnownFileType = sourcecode.swift; path = ResponseDTO.swift; sourceTree = "<group>"; };
		9AF883852D0F0EC400DD6832 /* TimeSelectedView.swift */ = {isa = PBXFileReference; lastKnownFileType = sourcecode.swift; path = TimeSelectedView.swift; sourceTree = "<group>"; };
		9AF883872D0F0EE300DD6832 /* SettingCell.swift */ = {isa = PBXFileReference; lastKnownFileType = sourcecode.swift; path = SettingCell.swift; sourceTree = "<group>"; };
		9AF883892D0F0EFF00DD6832 /* ListHeaderView.swift */ = {isa = PBXFileReference; lastKnownFileType = sourcecode.swift; path = ListHeaderView.swift; sourceTree = "<group>"; };
/* End PBXFileReference section */

/* Begin PBXFrameworksBuildPhase section */
		9A3698272C4BC0480019C12A /* Frameworks */ = {
			isa = PBXFrameworksBuildPhase;
			buildActionMask = 2147483647;
			files = (
				059068096F693A9FBCAE40C4 /* Pods_modoosSubway.framework in Frameworks */,
			);
			runOnlyForDeploymentPostprocessing = 0;
		};
/* End PBXFrameworksBuildPhase section */

/* Begin PBXGroup section */
		021DD75C3997C0A0D028EE1D /* Frameworks */ = {
			isa = PBXGroup;
			children = (
				51F25182ABE227FC4381A366 /* Pods_modoosSubway.framework */,
			);
			name = Frameworks;
			sourceTree = "<group>";
		};
		74AC037310E8FF33CF46374D /* Pods */ = {
			isa = PBXGroup;
			children = (
				48F29646FFD93B7C2D9B3CB7 /* Pods-modoosSubway.debug.xcconfig */,
				943788402A3EC689AD2166D4 /* Pods-modoosSubway.release.xcconfig */,
			);
			path = Pods;
			sourceTree = "<group>";
		};
		9A3698212C4BC0480019C12A = {
			isa = PBXGroup;
			children = (
				9A36982C2C4BC0480019C12A /* modoosSubway */,
				9A36982B2C4BC0480019C12A /* Products */,
				74AC037310E8FF33CF46374D /* Pods */,
				021DD75C3997C0A0D028EE1D /* Frameworks */,
			);
			sourceTree = "<group>";
		};
		9A36982B2C4BC0480019C12A /* Products */ = {
			isa = PBXGroup;
			children = (
				9A36982A2C4BC0480019C12A /* modoosSubway.app */,
			);
			name = Products;
			sourceTree = "<group>";
		};
		9A36982C2C4BC0480019C12A /* modoosSubway */ = {
			isa = PBXGroup;
			children = (
				9AC56CFD2D0EE7BD0067AF3B /* DIContainer */,
				9AEA1E7D2C5DD47200A87BF9 /* Presentation */,
				9AEA1E7E2C5DD48100A87BF9 /* Domain */,
				9AEA1E7F2C5DD48A00A87BF9 /* Data */,
				9AEA1E782C5651C700A87BF9 /* Extension */,
				9A36985B2C4D01D30019C12A /* Utils */,
				9A3698562C4CF9610019C12A /* Resource */,
				9A36982D2C4BC0480019C12A /* modoosSubwayApp.swift */,
				9AEA1E772C56516200A87BF9 /* Info.plist */,
				9AB4E7752D0F3AB900ACBB8A /* PrivacyInfo.xcprivacy */,
				9A3698352C4BC04A0019C12A /* Preview Content */,
			);
			path = modoosSubway;
			sourceTree = "<group>";
		};
		9A3698352C4BC04A0019C12A /* Preview Content */ = {
			isa = PBXGroup;
			children = (
				9A3698362C4BC04A0019C12A /* Preview Assets.xcassets */,
			);
			path = "Preview Content";
			sourceTree = "<group>";
		};
		9A36983F2C4CA5960019C12A /* SwiftData */ = {
			isa = PBXGroup;
			children = (
				9AEA1E8A2C5DD5F300A87BF9 /* DataMoel */,
				9A36984E2C4CA6810019C12A /* DataManager */,
			);
			path = SwiftData;
			sourceTree = "<group>";
		};
		9A3698402C4CA5AE0019C12A /* View */ = {
			isa = PBXGroup;
			children = (
				9AC56CF82D06D8240067AF3B /* Common */,
				9AC56CF72D06D8170067AF3B /* Setting */,
				9AC56CF62D06D8100067AF3B /* Folder */,
				9AC56CF52D06D80B0067AF3B /* Star */,
				9AC56CF42D06D8020067AF3B /* Search */,
				9AC56CF32D06D7F20067AF3B /* Home */,
			);
			path = View;
			sourceTree = "<group>";
		};
		9A36984E2C4CA6810019C12A /* DataManager */ = {
			isa = PBXGroup;
			children = (
				9A3698512C4CA72D0019C12A /* DataManager.swift */,
			);
			path = DataManager;
			sourceTree = "<group>";
		};
		9A3698562C4CF9610019C12A /* Resource */ = {
			isa = PBXGroup;
			children = (
				9AEA1E722C564FF300A87BF9 /* Font */,
				9A3698332C4BC04A0019C12A /* Assets.xcassets */,
				9AEA1E702C56024D00A87BF9 /* Launch Screen.storyboard */,
				9AEA1E7B2C5DD41E00A87BF9 /* Secrets.plist */,
			);
			path = Resource;
			sourceTree = "<group>";
		};
		9A36985B2C4D01D30019C12A /* Utils */ = {
			isa = PBXGroup;
			children = (
				9A36985C2C4D01E90019C12A /* Util.swift */,
				9AEA1E8B2C5DD62800A87BF9 /* EnumType.swift */,
				46519A912CFEC256006B2880 /* LocalNotification.swift */,
			);
			path = Utils;
			sourceTree = "<group>";
		};
		9AB4E7722D0F280700ACBB8A /* CardList */ = {
			isa = PBXGroup;
			children = (
				9AC56CEB2CE9970B0067AF3B /* CardView.swift */,
				9AB4E7732D0F283C00ACBB8A /* CardListView.swift */,
			);
			path = CardList;
			sourceTree = "<group>";
		};
		9AC56CF32D06D7F20067AF3B /* Home */ = {
			isa = PBXGroup;
			children = (
				9A36982F2C4BC0480019C12A /* HomeView.swift */,
			);
			path = Home;
			sourceTree = "<group>";
		};
		9AC56CF42D06D8020067AF3B /* Search */ = {
			isa = PBXGroup;
			children = (
				9A3698442C4CA6490019C12A /* SearchView.swift */,
				3BF3CADC2C81FEC40058345F /* SelectedStationView.swift */,
			);
			path = Search;
			sourceTree = "<group>";
		};
		9AC56CF52D06D80B0067AF3B /* Star */ = {
			isa = PBXGroup;
			children = (
				9A3698482C4CA6590019C12A /* StarView.swift */,
			);
			path = Star;
			sourceTree = "<group>";
		};
		9AC56CF62D06D8100067AF3B /* Folder */ = {
			isa = PBXGroup;
			children = (
				9A3698462C4CA6520019C12A /* FolderView.swift */,
				4659A1DD2CE079DA00889FFC /* FolderCardView.swift */,
				4659A1DF2CE0959D00889FFC /* FolderListView.swift */,
				4659A1E12CE0D11E00889FFC /* FolderHeaderView.swift */,
				46E8D9D02CE17D6500ABF38C /* EditFolderView.swift */,
				46E8D9D22CE2CBDC00ABF38C /* ModifyFolderView.swift */,
				46E8D9D42CE2DF0100ABF38C /* SelectedPhotoView.swift */,
				9AC56CED2CE9BE090067AF3B /* AddFolderView.swift */,
				9AB4E77A2D0FC3DC00ACBB8A /* FolderDetailView.swift */,
			);
			path = Folder;
			sourceTree = "<group>";
		};
		9AC56CF72D06D8170067AF3B /* Setting */ = {
			isa = PBXGroup;
			children = (
				9A36984C2C4CA6740019C12A /* SettingView.swift */,
				46630D5A2CE73A3E00A8DEF9 /* AlarmSettingView.swift */,
				9AF883852D0F0EC400DD6832 /* TimeSelectedView.swift */,
				9AF883872D0F0EE300DD6832 /* SettingCell.swift */,
				9AF883892D0F0EFF00DD6832 /* ListHeaderView.swift */,
			);
			path = Setting;
			sourceTree = "<group>";
		};
		9AC56CF82D06D8240067AF3B /* Common */ = {
			isa = PBXGroup;
			children = (
				9AB4E7722D0F280700ACBB8A /* CardList */,
				461D2BA32CF04E7A009BAF92 /* MoreMenuListView.swift */,
				46519A8F2CF974E5006B2880 /* ToastTest.swift */,
				46519AD22D06CD24006B2880 /* CoachMarkTest.swift */,
				9AC56CFA2D06D9D40067AF3B /* ImageCropper.swift */,
				9AC56CFE2D0EEC700067AF3B /* OnBoardingView.swift */,
				9AB4E7782D0FC2B300ACBB8A /* StarHeaderView.swift */,
				9AB4E77C2D12C97200ACBB8A /* ClearButton.swift */,
			);
			path = Common;
			sourceTree = "<group>";
		};
		9AC56CFC2D0EE7B20067AF3B /* Store */ = {
			isa = PBXGroup;
			children = (
				46283F192D1285B400FB0AB1 /* SubwayCardStore.swift */,
			);
			path = Store;
			sourceTree = "<group>";
		};
		9AC56CFD2D0EE7BD0067AF3B /* DIContainer */ = {
			isa = PBXGroup;
			children = (
				46DC0BA72D0A8C16002F5AE0 /* DIContainer.swift */,
			);
			path = DIContainer;
			sourceTree = "<group>";
		};
		9AEA1E722C564FF300A87BF9 /* Font */ = {
			isa = PBXGroup;
			children = (
				9AEA1E732C56500900A87BF9 /* Pretendard-Bold.otf */,
				9AEA1E752C56501900A87BF9 /* Pretendard-SemiBold.otf */,
				9AEA1E742C56501300A87BF9 /* Pretendard-Medium.otf */,
				9AEA1E762C56501F00A87BF9 /* Pretendard-Regular.otf */,
			);
			path = Font;
			sourceTree = "<group>";
		};
		9AEA1E782C5651C700A87BF9 /* Extension */ = {
			isa = PBXGroup;
			children = (
				9AEA1E792C5651EA00A87BF9 /* UIExtension.swift */,
				9AC56CEF2CEA16F40067AF3B /* CollectionExtension.swift */,
				9AB4E77E2D15B95500ACBB8A /* ArrayExtension.swift */,
			);
			path = Extension;
			sourceTree = "<group>";
		};
		9AEA1E7D2C5DD47200A87BF9 /* Presentation */ = {
			isa = PBXGroup;
			children = (
				9AEA1E802C5DD4A900A87BF9 /* ViewModel */,
				9A3698402C4CA5AE0019C12A /* View */,
			);
			path = Presentation;
			sourceTree = "<group>";
		};
		9AEA1E7E2C5DD48100A87BF9 /* Domain */ = {
			isa = PBXGroup;
			children = (
				9AC56CFC2D0EE7B20067AF3B /* Store */,
				9AEA1E842C5DD53600A87BF9 /* UseCase */,
				9AEA1E832C5DD52D00A87BF9 /* Entity */,
				9A36983F2C4CA5960019C12A /* SwiftData */,
			);
			path = Domain;
			sourceTree = "<group>";
		};
		9AEA1E7F2C5DD48A00A87BF9 /* Data */ = {
			isa = PBXGroup;
			children = (
				9AEA1E912C5DD70800A87BF9 /* API */,
				9AEA1E872C5DD59700A87BF9 /* Repository */,
				9AEA1E962C5DD73D00A87BF9 /* DTO */,
			);
			path = Data;
			sourceTree = "<group>";
		};
		9AEA1E802C5DD4A900A87BF9 /* ViewModel */ = {
			isa = PBXGroup;
			children = (
				9AC56CD12CDF7AAB0067AF3B /* SelectedStationViewModel.swift */,
				9AEA1E812C5DD4BC00A87BF9 /* StarViewModel.swift */,
				46519ACE2D0681E4006B2880 /* HomeViewModel.swift */,
			);
			path = ViewModel;
			sourceTree = "<group>";
		};
		9AEA1E832C5DD52D00A87BF9 /* Entity */ = {
			isa = PBXGroup;
			children = (
				9AEA1E852C5DD57100A87BF9 /* SubwayEntity.swift */,
				9AC56CE92CE90CBB0067AF3B /* CardViewEntity.swift */,
			);
			path = Entity;
			sourceTree = "<group>";
		};
		9AEA1E842C5DD53600A87BF9 /* UseCase */ = {
			isa = PBXGroup;
			children = (
				9AEA1E8D2C5DD6A000A87BF9 /* SubwayUseCase.swift */,
			);
			path = UseCase;
			sourceTree = "<group>";
		};
		9AEA1E872C5DD59700A87BF9 /* Repository */ = {
			isa = PBXGroup;
			children = (
				9AEA1E8F2C5DD6AE00A87BF9 /* SubwayRepository.swift */,
			);
			path = Repository;
			sourceTree = "<group>";
		};
		9AEA1E8A2C5DD5F300A87BF9 /* DataMoel */ = {
			isa = PBXGroup;
			children = (
				9A3698312C4BC0480019C12A /* Item.swift */,
			);
			path = DataMoel;
			sourceTree = "<group>";
		};
		9AEA1E912C5DD70800A87BF9 /* API */ = {
			isa = PBXGroup;
			children = (
				9AEA1E922C5DD71A00A87BF9 /* Router.swift */,
				9AEA1E942C5DD72500A87BF9 /* SubwayAPI.swift */,
				46E23B2C2C6872190059BB62 /* NetworkError.swift */,
			);
			path = API;
			sourceTree = "<group>";
		};
		9AEA1E962C5DD73D00A87BF9 /* DTO */ = {
			isa = PBXGroup;
			children = (
				9AEA1E972C5DD74A00A87BF9 /* RequestDTO.swift */,
				9AEA1E992C68AD6200A87BF9 /* ResponseDTO.swift */,
			);
			path = DTO;
			sourceTree = "<group>";
		};
/* End PBXGroup section */

/* Begin PBXNativeTarget section */
		9A3698292C4BC0480019C12A /* modoosSubway */ = {
			isa = PBXNativeTarget;
			buildConfigurationList = 9A36983A2C4BC04A0019C12A /* Build configuration list for PBXNativeTarget "modoosSubway" */;
			buildPhases = (
				CB6ADFCA46EDCFCB7BBFD7BC /* [CP] Check Pods Manifest.lock */,
				9A3698262C4BC0480019C12A /* Sources */,
				9A3698272C4BC0480019C12A /* Frameworks */,
				9A3698282C4BC0480019C12A /* Resources */,
				47E30AE09BFF4EED05ADC884 /* [CP] Embed Pods Frameworks */,
			);
			buildRules = (
			);
			dependencies = (
			);
			name = modoosSubway;
			productName = modoosSubway;
			productReference = 9A36982A2C4BC0480019C12A /* modoosSubway.app */;
			productType = "com.apple.product-type.application";
		};
/* End PBXNativeTarget section */

/* Begin PBXProject section */
		9A3698222C4BC0480019C12A /* Project object */ = {
			isa = PBXProject;
			attributes = {
				BuildIndependentTargetsInParallel = 1;
				LastSwiftUpdateCheck = 1520;
				LastUpgradeCheck = 1520;
				TargetAttributes = {
					9A3698292C4BC0480019C12A = {
						CreatedOnToolsVersion = 15.2;
					};
				};
			};
			buildConfigurationList = 9A3698252C4BC0480019C12A /* Build configuration list for PBXProject "modoosSubway" */;
			compatibilityVersion = "Xcode 14.0";
			developmentRegion = en;
			hasScannedForEncodings = 0;
			knownRegions = (
				en,
				Base,
			);
			mainGroup = 9A3698212C4BC0480019C12A;
			productRefGroup = 9A36982B2C4BC0480019C12A /* Products */;
			projectDirPath = "";
			projectRoot = "";
			targets = (
				9A3698292C4BC0480019C12A /* modoosSubway */,
			);
		};
/* End PBXProject section */

/* Begin PBXResourcesBuildPhase section */
		9A3698282C4BC0480019C12A /* Resources */ = {
			isa = PBXResourcesBuildPhase;
			buildActionMask = 2147483647;
			files = (
				9AC56CCF2CDF6D1E0067AF3B /* Pretendard-Medium.otf in Resources */,
				9AEA1E7C2C5DD41E00A87BF9 /* Secrets.plist in Resources */,
				9AC56CCD2CDF6D160067AF3B /* Pretendard-Bold.otf in Resources */,
				9A3698372C4BC04A0019C12A /* Preview Assets.xcassets in Resources */,
				9AC56CCE2CDF6D1A0067AF3B /* Pretendard-SemiBold.otf in Resources */,
				9AC56CD02CDF6D220067AF3B /* Pretendard-Regular.otf in Resources */,
				9AEA1E712C56024D00A87BF9 /* Launch Screen.storyboard in Resources */,
				9A3698342C4BC04A0019C12A /* Assets.xcassets in Resources */,
			);
			runOnlyForDeploymentPostprocessing = 0;
		};
/* End PBXResourcesBuildPhase section */

/* Begin PBXShellScriptBuildPhase section */
		47E30AE09BFF4EED05ADC884 /* [CP] Embed Pods Frameworks */ = {
			isa = PBXShellScriptBuildPhase;
			buildActionMask = 2147483647;
			files = (
			);
			inputFileListPaths = (
				"${PODS_ROOT}/Target Support Files/Pods-modoosSubway/Pods-modoosSubway-frameworks-${CONFIGURATION}-input-files.xcfilelist",
			);
			name = "[CP] Embed Pods Frameworks";
			outputFileListPaths = (
				"${PODS_ROOT}/Target Support Files/Pods-modoosSubway/Pods-modoosSubway-frameworks-${CONFIGURATION}-output-files.xcfilelist",
			);
			runOnlyForDeploymentPostprocessing = 0;
			shellPath = /bin/sh;
			shellScript = "\"${PODS_ROOT}/Target Support Files/Pods-modoosSubway/Pods-modoosSubway-frameworks.sh\"\n";
			showEnvVarsInLog = 0;
		};
		CB6ADFCA46EDCFCB7BBFD7BC /* [CP] Check Pods Manifest.lock */ = {
			isa = PBXShellScriptBuildPhase;
			buildActionMask = 2147483647;
			files = (
			);
			inputFileListPaths = (
			);
			inputPaths = (
				"${PODS_PODFILE_DIR_PATH}/Podfile.lock",
				"${PODS_ROOT}/Manifest.lock",
			);
			name = "[CP] Check Pods Manifest.lock";
			outputFileListPaths = (
			);
			outputPaths = (
				"$(DERIVED_FILE_DIR)/Pods-modoosSubway-checkManifestLockResult.txt",
			);
			runOnlyForDeploymentPostprocessing = 0;
			shellPath = /bin/sh;
			shellScript = "diff \"${PODS_PODFILE_DIR_PATH}/Podfile.lock\" \"${PODS_ROOT}/Manifest.lock\" > /dev/null\nif [ $? != 0 ] ; then\n    # print error to STDERR\n    echo \"error: The sandbox is not in sync with the Podfile.lock. Run 'pod install' or update your CocoaPods installation.\" >&2\n    exit 1\nfi\n# This output is used by Xcode 'outputs' to avoid re-running this script phase.\necho \"SUCCESS\" > \"${SCRIPT_OUTPUT_FILE_0}\"\n";
			showEnvVarsInLog = 0;
		};
/* End PBXShellScriptBuildPhase section */

/* Begin PBXSourcesBuildPhase section */
		9A3698262C4BC0480019C12A /* Sources */ = {
			isa = PBXSourcesBuildPhase;
			buildActionMask = 2147483647;
			files = (
				4659A1E02CE0959D00889FFC /* FolderListView.swift in Sources */,
				9AB4E77B2D0FC3DC00ACBB8A /* FolderDetailView.swift in Sources */,
				9AC56CEA2CE90CBB0067AF3B /* CardViewEntity.swift in Sources */,
				9AEA1E8C2C5DD62800A87BF9 /* EnumType.swift in Sources */,
				9A36985D2C4D01E90019C12A /* Util.swift in Sources */,
				9AEA1E8E2C5DD6A000A87BF9 /* SubwayUseCase.swift in Sources */,
				9AC56CFB2D06D9D40067AF3B /* ImageCropper.swift in Sources */,
				9AC56CF02CEA16F40067AF3B /* CollectionExtension.swift in Sources */,
				46519A922CFEC256006B2880 /* LocalNotification.swift in Sources */,
				9AF883882D0F0EE300DD6832 /* SettingCell.swift in Sources */,
				9A3698452C4CA6490019C12A /* SearchView.swift in Sources */,
				9AEA1E932C5DD71A00A87BF9 /* Router.swift in Sources */,
				9AEA1E9A2C68AD6200A87BF9 /* ResponseDTO.swift in Sources */,
				9AEA1E822C5DD4BC00A87BF9 /* StarViewModel.swift in Sources */,
				9AF883862D0F0EC400DD6832 /* TimeSelectedView.swift in Sources */,
				9AEA1E862C5DD57100A87BF9 /* SubwayEntity.swift in Sources */,
				9AF8838A2D0F0EFF00DD6832 /* ListHeaderView.swift in Sources */,
				46630D5B2CE73A3E00A8DEF9 /* AlarmSettingView.swift in Sources */,
				46E8D9D32CE2CBDC00ABF38C /* ModifyFolderView.swift in Sources */,
				9AB4E77D2D12C97200ACBB8A /* ClearButton.swift in Sources */,
				9AC56CEE2CE9BE090067AF3B /* AddFolderView.swift in Sources */,
				46E8D9D12CE17D6500ABF38C /* EditFolderView.swift in Sources */,
				9AC56CD22CDF7AAB0067AF3B /* SelectedStationViewModel.swift in Sources */,
				3BF3CADD2C81FEC40058345F /* SelectedStationView.swift in Sources */,
				9AB4E77F2D15B95500ACBB8A /* ArrayExtension.swift in Sources */,
				46E8D9D52CE2DF0100ABF38C /* SelectedPhotoView.swift in Sources */,
				9A3698522C4CA72D0019C12A /* DataManager.swift in Sources */,
				461D2BA42CF04E7A009BAF92 /* MoreMenuListView.swift in Sources */,
				9A3698302C4BC0480019C12A /* HomeView.swift in Sources */,
				46283F1A2D1285B400FB0AB1 /* SubwayCardStore.swift in Sources */,
				4659A1E22CE0D11E00889FFC /* FolderHeaderView.swift in Sources */,
				9AB4E7792D0FC2B300ACBB8A /* StarHeaderView.swift in Sources */,
				9AEA1E952C5DD72500A87BF9 /* SubwayAPI.swift in Sources */,
				9AEA1E982C5DD74A00A87BF9 /* RequestDTO.swift in Sources */,
				9A36984D2C4CA6740019C12A /* SettingView.swift in Sources */,
				46DC0BA82D0A8C16002F5AE0 /* DIContainer.swift in Sources */,
				9A3698322C4BC0480019C12A /* Item.swift in Sources */,
				46519AD32D06CD24006B2880 /* CoachMarkTest.swift in Sources */,
				46E23B2D2C6872190059BB62 /* NetworkError.swift in Sources */,
				9AEA1E7A2C5651EA00A87BF9 /* UIExtension.swift in Sources */,
				9A36982E2C4BC0480019C12A /* modoosSubwayApp.swift in Sources */,
				9AEA1E902C5DD6AE00A87BF9 /* SubwayRepository.swift in Sources */,
				9A3698472C4CA6520019C12A /* FolderView.swift in Sources */,
				46519ACF2D0681E4006B2880 /* HomeViewModel.swift in Sources */,
				9A3698492C4CA6590019C12A /* StarView.swift in Sources */,
				9AC56CEC2CE9970B0067AF3B /* CardView.swift in Sources */,
				9AB4E7742D0F283C00ACBB8A /* CardListView.swift in Sources */,
				4659A1DE2CE079DA00889FFC /* FolderCardView.swift in Sources */,
				9AC56CFF2D0EEC700067AF3B /* OnBoardingView.swift in Sources */,
				46519A902CF974E5006B2880 /* ToastTest.swift in Sources */,
			);
			runOnlyForDeploymentPostprocessing = 0;
		};
/* End PBXSourcesBuildPhase section */

/* Begin XCBuildConfiguration section */
		9A3698382C4BC04A0019C12A /* Debug */ = {
			isa = XCBuildConfiguration;
			buildSettings = {
				ALWAYS_SEARCH_USER_PATHS = NO;
				ASSETCATALOG_COMPILER_GENERATE_SWIFT_ASSET_SYMBOL_EXTENSIONS = YES;
				CLANG_ANALYZER_NONNULL = YES;
				CLANG_ANALYZER_NUMBER_OBJECT_CONVERSION = YES_AGGRESSIVE;
				CLANG_CXX_LANGUAGE_STANDARD = "gnu++20";
				CLANG_ENABLE_MODULES = YES;
				CLANG_ENABLE_OBJC_ARC = YES;
				CLANG_ENABLE_OBJC_WEAK = YES;
				CLANG_WARN_BLOCK_CAPTURE_AUTORELEASING = YES;
				CLANG_WARN_BOOL_CONVERSION = YES;
				CLANG_WARN_COMMA = YES;
				CLANG_WARN_CONSTANT_CONVERSION = YES;
				CLANG_WARN_DEPRECATED_OBJC_IMPLEMENTATIONS = YES;
				CLANG_WARN_DIRECT_OBJC_ISA_USAGE = YES_ERROR;
				CLANG_WARN_DOCUMENTATION_COMMENTS = YES;
				CLANG_WARN_EMPTY_BODY = YES;
				CLANG_WARN_ENUM_CONVERSION = YES;
				CLANG_WARN_INFINITE_RECURSION = YES;
				CLANG_WARN_INT_CONVERSION = YES;
				CLANG_WARN_NON_LITERAL_NULL_CONVERSION = YES;
				CLANG_WARN_OBJC_IMPLICIT_RETAIN_SELF = YES;
				CLANG_WARN_OBJC_LITERAL_CONVERSION = YES;
				CLANG_WARN_OBJC_ROOT_CLASS = YES_ERROR;
				CLANG_WARN_QUOTED_INCLUDE_IN_FRAMEWORK_HEADER = YES;
				CLANG_WARN_RANGE_LOOP_ANALYSIS = YES;
				CLANG_WARN_STRICT_PROTOTYPES = YES;
				CLANG_WARN_SUSPICIOUS_MOVE = YES;
				CLANG_WARN_UNGUARDED_AVAILABILITY = YES_AGGRESSIVE;
				CLANG_WARN_UNREACHABLE_CODE = YES;
				CLANG_WARN__DUPLICATE_METHOD_MATCH = YES;
				COPY_PHASE_STRIP = NO;
				DEBUG_INFORMATION_FORMAT = dwarf;
				ENABLE_STRICT_OBJC_MSGSEND = YES;
				ENABLE_TESTABILITY = YES;
				ENABLE_USER_SCRIPT_SANDBOXING = YES;
				GCC_C_LANGUAGE_STANDARD = gnu17;
				GCC_DYNAMIC_NO_PIC = NO;
				GCC_NO_COMMON_BLOCKS = YES;
				GCC_OPTIMIZATION_LEVEL = 0;
				GCC_PREPROCESSOR_DEFINITIONS = (
					"DEBUG=1",
					"$(inherited)",
				);
				GCC_WARN_64_TO_32_BIT_CONVERSION = YES;
				GCC_WARN_ABOUT_RETURN_TYPE = YES_ERROR;
				GCC_WARN_UNDECLARED_SELECTOR = YES;
				GCC_WARN_UNINITIALIZED_AUTOS = YES_AGGRESSIVE;
				GCC_WARN_UNUSED_FUNCTION = YES;
				GCC_WARN_UNUSED_VARIABLE = YES;
				IPHONEOS_DEPLOYMENT_TARGET = 17.0;
				LOCALIZATION_PREFERS_STRING_CATALOGS = YES;
				MTL_ENABLE_DEBUG_INFO = INCLUDE_SOURCE;
				MTL_FAST_MATH = YES;
				ONLY_ACTIVE_ARCH = YES;
				SDKROOT = iphoneos;
				SWIFT_ACTIVE_COMPILATION_CONDITIONS = "DEBUG $(inherited)";
				SWIFT_OPTIMIZATION_LEVEL = "-Onone";
			};
			name = Debug;
		};
		9A3698392C4BC04A0019C12A /* Release */ = {
			isa = XCBuildConfiguration;
			buildSettings = {
				ALWAYS_SEARCH_USER_PATHS = NO;
				ASSETCATALOG_COMPILER_GENERATE_SWIFT_ASSET_SYMBOL_EXTENSIONS = YES;
				CLANG_ANALYZER_NONNULL = YES;
				CLANG_ANALYZER_NUMBER_OBJECT_CONVERSION = YES_AGGRESSIVE;
				CLANG_CXX_LANGUAGE_STANDARD = "gnu++20";
				CLANG_ENABLE_MODULES = YES;
				CLANG_ENABLE_OBJC_ARC = YES;
				CLANG_ENABLE_OBJC_WEAK = YES;
				CLANG_WARN_BLOCK_CAPTURE_AUTORELEASING = YES;
				CLANG_WARN_BOOL_CONVERSION = YES;
				CLANG_WARN_COMMA = YES;
				CLANG_WARN_CONSTANT_CONVERSION = YES;
				CLANG_WARN_DEPRECATED_OBJC_IMPLEMENTATIONS = YES;
				CLANG_WARN_DIRECT_OBJC_ISA_USAGE = YES_ERROR;
				CLANG_WARN_DOCUMENTATION_COMMENTS = YES;
				CLANG_WARN_EMPTY_BODY = YES;
				CLANG_WARN_ENUM_CONVERSION = YES;
				CLANG_WARN_INFINITE_RECURSION = YES;
				CLANG_WARN_INT_CONVERSION = YES;
				CLANG_WARN_NON_LITERAL_NULL_CONVERSION = YES;
				CLANG_WARN_OBJC_IMPLICIT_RETAIN_SELF = YES;
				CLANG_WARN_OBJC_LITERAL_CONVERSION = YES;
				CLANG_WARN_OBJC_ROOT_CLASS = YES_ERROR;
				CLANG_WARN_QUOTED_INCLUDE_IN_FRAMEWORK_HEADER = YES;
				CLANG_WARN_RANGE_LOOP_ANALYSIS = YES;
				CLANG_WARN_STRICT_PROTOTYPES = YES;
				CLANG_WARN_SUSPICIOUS_MOVE = YES;
				CLANG_WARN_UNGUARDED_AVAILABILITY = YES_AGGRESSIVE;
				CLANG_WARN_UNREACHABLE_CODE = YES;
				CLANG_WARN__DUPLICATE_METHOD_MATCH = YES;
				COPY_PHASE_STRIP = NO;
				DEBUG_INFORMATION_FORMAT = "dwarf-with-dsym";
				ENABLE_NS_ASSERTIONS = NO;
				ENABLE_STRICT_OBJC_MSGSEND = YES;
				ENABLE_USER_SCRIPT_SANDBOXING = YES;
				GCC_C_LANGUAGE_STANDARD = gnu17;
				GCC_NO_COMMON_BLOCKS = YES;
				GCC_WARN_64_TO_32_BIT_CONVERSION = YES;
				GCC_WARN_ABOUT_RETURN_TYPE = YES_ERROR;
				GCC_WARN_UNDECLARED_SELECTOR = YES;
				GCC_WARN_UNINITIALIZED_AUTOS = YES_AGGRESSIVE;
				GCC_WARN_UNUSED_FUNCTION = YES;
				GCC_WARN_UNUSED_VARIABLE = YES;
				IPHONEOS_DEPLOYMENT_TARGET = 17.0;
				LOCALIZATION_PREFERS_STRING_CATALOGS = YES;
				MTL_ENABLE_DEBUG_INFO = NO;
				MTL_FAST_MATH = YES;
				SDKROOT = iphoneos;
				SWIFT_COMPILATION_MODE = wholemodule;
				VALIDATE_PRODUCT = YES;
			};
			name = Release;
		};
		9A36983B2C4BC04A0019C12A /* Debug */ = {
			isa = XCBuildConfiguration;
			baseConfigurationReference = 48F29646FFD93B7C2D9B3CB7 /* Pods-modoosSubway.debug.xcconfig */;
			buildSettings = {
				ASSETCATALOG_COMPILER_APPICON_NAME = AppIcon;
				ASSETCATALOG_COMPILER_GLOBAL_ACCENT_COLOR_NAME = AccentColor;
				CODE_SIGN_STYLE = Automatic;
				CURRENT_PROJECT_VERSION = 24121603;
				DEVELOPMENT_ASSET_PATHS = "\"modoosSubway/Preview Content\"";
				DEVELOPMENT_TEAM = 6RZ3FF956G;
				ENABLE_PREVIEWS = YES;
				ENABLE_USER_SCRIPT_SANDBOXING = NO;
				GENERATE_INFOPLIST_FILE = YES;
				INFOPLIST_FILE = modoosSubway/Info.plist;
				INFOPLIST_KEY_CFBundleDisplayName = "모두의 지하철";
				INFOPLIST_KEY_LSApplicationCategoryType = "public.app-category.navigation";
				INFOPLIST_KEY_UIApplicationSceneManifest_Generation = YES;
				INFOPLIST_KEY_UIApplicationSupportsIndirectInputEvents = YES;
				INFOPLIST_KEY_UILaunchScreen_Generation = YES;
				INFOPLIST_KEY_UILaunchStoryboardName = "Launch Screen.storyboard";
				INFOPLIST_KEY_UISupportedInterfaceOrientations_iPad = "UIInterfaceOrientationPortrait UIInterfaceOrientationPortraitUpsideDown UIInterfaceOrientationLandscapeLeft UIInterfaceOrientationLandscapeRight";
				INFOPLIST_KEY_UISupportedInterfaceOrientations_iPhone = "UIInterfaceOrientationPortrait UIInterfaceOrientationLandscapeLeft UIInterfaceOrientationLandscapeRight";
				IPHONEOS_DEPLOYMENT_TARGET = 17.0;
				LD_RUNPATH_SEARCH_PATHS = (
					"$(inherited)",
					"@executable_path/Frameworks",
				);
				MARKETING_VERSION = 1.0;
				PRODUCT_BUNDLE_IDENTIFIER = com.jihyunkim.modoosSubway;
				PRODUCT_NAME = "$(TARGET_NAME)";
				SUPPORTED_PLATFORMS = "iphoneos iphonesimulator";
				SUPPORTS_MACCATALYST = NO;
				SUPPORTS_MAC_DESIGNED_FOR_IPHONE_IPAD = NO;
				SWIFT_EMIT_LOC_STRINGS = YES;
				SWIFT_VERSION = 5.0;
				TARGETED_DEVICE_FAMILY = 1;
			};
			name = Debug;
		};
		9A36983C2C4BC04A0019C12A /* Release */ = {
			isa = XCBuildConfiguration;
			baseConfigurationReference = 943788402A3EC689AD2166D4 /* Pods-modoosSubway.release.xcconfig */;
			buildSettings = {
				ASSETCATALOG_COMPILER_APPICON_NAME = AppIcon;
				ASSETCATALOG_COMPILER_GLOBAL_ACCENT_COLOR_NAME = AccentColor;
				CODE_SIGN_STYLE = Automatic;
				CURRENT_PROJECT_VERSION = 24121603;
				DEVELOPMENT_ASSET_PATHS = "\"modoosSubway/Preview Content\"";
				DEVELOPMENT_TEAM = 6RZ3FF956G;
				ENABLE_PREVIEWS = YES;
				ENABLE_USER_SCRIPT_SANDBOXING = NO;
				GENERATE_INFOPLIST_FILE = YES;
				INFOPLIST_FILE = modoosSubway/Info.plist;
				INFOPLIST_KEY_CFBundleDisplayName = "모두의 지하철";
				INFOPLIST_KEY_LSApplicationCategoryType = "public.app-category.navigation";
				INFOPLIST_KEY_UIApplicationSceneManifest_Generation = YES;
				INFOPLIST_KEY_UIApplicationSupportsIndirectInputEvents = YES;
				INFOPLIST_KEY_UILaunchScreen_Generation = YES;
				INFOPLIST_KEY_UILaunchStoryboardName = "Launch Screen.storyboard";
				INFOPLIST_KEY_UISupportedInterfaceOrientations_iPad = "UIInterfaceOrientationPortrait UIInterfaceOrientationPortraitUpsideDown UIInterfaceOrientationLandscapeLeft UIInterfaceOrientationLandscapeRight";
				INFOPLIST_KEY_UISupportedInterfaceOrientations_iPhone = "UIInterfaceOrientationPortrait UIInterfaceOrientationLandscapeLeft UIInterfaceOrientationLandscapeRight";
				IPHONEOS_DEPLOYMENT_TARGET = 17.0;
				LD_RUNPATH_SEARCH_PATHS = (
					"$(inherited)",
					"@executable_path/Frameworks",
				);
				MARKETING_VERSION = 1.0;
				PRODUCT_BUNDLE_IDENTIFIER = com.jihyunkim.modoosSubway;
				PRODUCT_NAME = "$(TARGET_NAME)";
				SUPPORTED_PLATFORMS = "iphoneos iphonesimulator";
				SUPPORTS_MACCATALYST = NO;
				SUPPORTS_MAC_DESIGNED_FOR_IPHONE_IPAD = NO;
				SWIFT_EMIT_LOC_STRINGS = YES;
				SWIFT_VERSION = 5.0;
				TARGETED_DEVICE_FAMILY = 1;
			};
			name = Release;
		};
/* End XCBuildConfiguration section */

/* Begin XCConfigurationList section */
		9A3698252C4BC0480019C12A /* Build configuration list for PBXProject "modoosSubway" */ = {
			isa = XCConfigurationList;
			buildConfigurations = (
				9A3698382C4BC04A0019C12A /* Debug */,
				9A3698392C4BC04A0019C12A /* Release */,
			);
			defaultConfigurationIsVisible = 0;
			defaultConfigurationName = Release;
		};
		9A36983A2C4BC04A0019C12A /* Build configuration list for PBXNativeTarget "modoosSubway" */ = {
			isa = XCConfigurationList;
			buildConfigurations = (
				9A36983B2C4BC04A0019C12A /* Debug */,
				9A36983C2C4BC04A0019C12A /* Release */,
			);
			defaultConfigurationIsVisible = 0;
			defaultConfigurationName = Release;
		};
/* End XCConfigurationList section */
	};
	rootObject = 9A3698222C4BC0480019C12A /* Project object */;
}
